<?xml version="1.0" encoding="utf-8"?>
<Project ToolsVersion="4.0" xmlns="http://schemas.microsoft.com/developer/msbuild/2003">
  <ItemGroup>
    <Filter Include="Source Files">
      <UniqueIdentifier>{4FC737F1-C7A5-4376-A066-2A32D752A2FF}</UniqueIdentifier>
      <Extensions>cpp;c;cc;cxx;c++;cppm;ixx;def;odl;idl;hpj;bat;asm;asmx</Extensions>
    </Filter>
    <Filter Include="Header Files">
      <UniqueIdentifier>{93995380-89BD-4b04-88EB-625FBE52EBFB}</UniqueIdentifier>
      <Extensions>h;hh;hpp;hxx;h++;hm;inl;inc;ipp;xsd</Extensions>
    </Filter>
    <Filter Include="Resource Files">
      <UniqueIdentifier>{67DA6AB6-F800-4c08-8B7A-83BB121AAD01}</UniqueIdentifier>
      <Extensions>rc;ico;cur;bmp;dlg;rc2;rct;bin;rgs;gif;jpg;jpeg;jpe;resx;tiff;tif;png;wav;mfcribbon-ms</Extensions>
    </Filter>
    <Filter Include="Header Files\Airplanes">
      <UniqueIdentifier>{c064c93a-c164-41ba-b9d7-bcec6492beb6}</UniqueIdentifier>
    </Filter>
    <Filter Include="Header Files\Tickets">
      <UniqueIdentifier>{acd08f5c-3ea0-4e00-b2cc-995b04825637}</UniqueIdentifier>
    </Filter>
    <Filter Include="Header Files\Users">
      <UniqueIdentifier>{dc73399a-e9b9-45a9-bc76-5ff03b7651e2}</UniqueIdentifier>
    </Filter>
    <Filter Include="Source Files\Airplanes">
      <UniqueIdentifier>{541f7959-e129-482a-9fec-f1266b54a3e2}</UniqueIdentifier>
    </Filter>
    <Filter Include="Source Files\Tickets">
      <UniqueIdentifier>{6d95fd9d-bfb5-48cf-9fb7-1f97a40fc8ac}</UniqueIdentifier>
    </Filter>
    <Filter Include="Source Files\Users">
      <UniqueIdentifier>{51bbb9fb-6d63-4079-a264-248d0bdaf7f1}</UniqueIdentifier>
    </Filter>
    <Filter Include="Header Files\Infrastructures">
      <UniqueIdentifier>{ce8cb816-8d8a-4192-b009-0189d43e7d9c}</UniqueIdentifier>
    </Filter>
  </ItemGroup>
  <ItemGroup>
    <ClInclude Include="Airplane.h">
      <Filter>Header Files\Airplanes</Filter>
    </ClInclude>
    <ClInclude Include="CargoPlane.h">
      <Filter>Header Files\Airplanes</Filter>
    </ClInclude>
    <ClInclude Include="PassengerPlane.h">
      <Filter>Header Files\Airplanes</Filter>
    </ClInclude>
    <ClInclude Include="PrivateJet.h">
      <Filter>Header Files\Airplanes</Filter>
    </ClInclude>
    <ClInclude Include="Ticket.h">
      <Filter>Header Files\Tickets</Filter>
    </ClInclude>
    <ClInclude Include="StandardTicket.h">
      <Filter>Header Files\Tickets</Filter>
    </ClInclude>
    <ClInclude Include="VIPTicket.h">
      <Filter>Header Files\Tickets</Filter>
    </ClInclude>
    <ClInclude Include="LastMinuteTicket.h">
      <Filter>Header Files\Tickets</Filter>
    </ClInclude>
    <ClInclude Include="User.h">
      <Filter>Header Files\Users</Filter>
    </ClInclude>
    <ClInclude Include="Engine.h">
      <Filter>Header Files</Filter>
    </ClInclude>
    <ClInclude Include="Flight.h">
      <Filter>Header Files</Filter>
    </ClInclude>
    <ClInclude Include="Passenger.h">
      <Filter>Header Files\Users</Filter>
    </ClInclude>
    <ClInclude Include="TicketFactory.h">
      <Filter>Header Files\Tickets</Filter>
    </ClInclude>
    <ClInclude Include="AirportAuthority.h">
      <Filter>Header Files\Users</Filter>
    </ClInclude>
    <ClInclude Include="Dispatcher.h">
      <Filter>Header Files\Users</Filter>
    </ClInclude>
    <ClInclude Include="IUserActions.h">
      <Filter>Header Files\Users</Filter>
    </ClInclude>
    <ClInclude Include="Airline.h">
      <Filter>Header Files</Filter>
    </ClInclude>
    <ClInclude Include="Runway.h">
      <Filter>Header Files</Filter>
    </ClInclude>
  </ItemGroup>
  <ItemGroup>
    <ClCompile Include="Source.cpp">
      <Filter>Source Files</Filter>
    </ClCompile>
    <ClCompile Include="Airplane.cpp">
      <Filter>Source Files\Airplanes</Filter>
    </ClCompile>
    <ClCompile Include="CargoPlane.cpp">
      <Filter>Source Files\Airplanes</Filter>
    </ClCompile>
    <ClCompile Include="PassengerPlane.cpp">
      <Filter>Source Files\Airplanes</Filter>
    </ClCompile>
    <ClCompile Include="PrivateJet.cpp">
      <Filter>Source Files\Airplanes</Filter>
    </ClCompile>
    <ClCompile Include="LastMinuteTicket.cpp">
      <Filter>Source Files\Tickets</Filter>
    </ClCompile>
    <ClCompile Include="StandardTicket.cpp">
      <Filter>Source Files\Tickets</Filter>
    </ClCompile>
    <ClCompile Include="Ticket.cpp">
      <Filter>Source Files\Tickets</Filter>
    </ClCompile>
    <ClCompile Include="VIPTicket.cpp">
      <Filter>Source Files\Tickets</Filter>
    </ClCompile>
    <ClCompile Include="User.cpp">
      <Filter>Source Files\Users</Filter>
    </ClCompile>
    <ClCompile Include="Engine.cpp">
      <Filter>Source Files</Filter>
    </ClCompile>
    <ClCompile Include="Flight.cpp">
      <Filter>Source Files</Filter>
    </ClCompile>
    <ClCompile Include="Passenger.cpp">
      <Filter>Source Files\Users</Filter>
    </ClCompile>
    <ClCompile Include="TicketFactory.cpp">
      <Filter>Source Files\Tickets</Filter>
    </ClCompile>
    <ClCompile Include="Dispatcher.cpp">
      <Filter>Source Files\Users</Filter>
    </ClCompile>
    <ClCompile Include="AirportAuthority.cpp">
      <Filter>Source Files</Filter>
    </ClCompile>
    <ClCompile Include="Runway.cpp">
      <Filter>Source Files</Filter>
    </ClCompile>
  </ItemGroup>
</Project>